<?xml version="1.0" encoding="utf-8"?>
<Project ToolsVersion="4.0" xmlns="http://schemas.microsoft.com/developer/msbuild/2003">
  <ItemGroup>
    <Filter Include="Source Files">
      <UniqueIdentifier>{4FC737F1-C7A5-4376-A066-2A32D752A2FF}</UniqueIdentifier>
      <Extensions>cpp;c;cc;cxx;def;odl;idl;hpj;bat;asm;asmx</Extensions>
    </Filter>
    <Filter Include="Header Files">
      <UniqueIdentifier>{93995380-89BD-4b04-88EB-625FBE52EBFB}</UniqueIdentifier>
      <Extensions>h;hpp;hxx;hm;inl;inc;xsd</Extensions>
    </Filter>
    <Filter Include="Resource Files">
      <UniqueIdentifier>{67DA6AB6-F800-4c08-8B7A-83BB121AAD01}</UniqueIdentifier>
      <Extensions>rc;ico;cur;bmp;dlg;rc2;rct;bin;rgs;gif;jpg;jpeg;jpe;resx;tiff;tif;png;wav;mfcribbon-ms</Extensions>
    </Filter>
    <Filter Include="Generated Files">
      <UniqueIdentifier>{e8ab79cd-03f2-41e8-9848-aec432e68b99}</UniqueIdentifier>
      <SourceControlFiles>False</SourceControlFiles>
    </Filter>
  </ItemGroup>
  <ItemGroup>
    <ClCompile Include="stdafx.cpp">
      <Filter>Source Files</Filter>
    </ClCompile>
    <ClCompile Include="Module1.cpp">
      <Filter>Source Files</Filter>
    </ClCompile>
    <ClCompile Include="dllmain.cpp">
      <Filter>Source Files</Filter>
    </ClCompile>
    <ClCompile Include="xdlldata.c">
      <Filter>Source Files</Filter>
    </ClCompile>
    <ClCompile Include="Module1_i.c">
      <Filter>Generated Files</Filter>
    </ClCompile>
    <ClCompile Include="TCPCMU1.cpp">
      <Filter>Source Files</Filter>
    </ClCompile>
    <ClCompile Include="PDCSocket.cpp">
      <Filter>Source Files</Filter>
    </ClCompile>
    <ClCompile Include="PDCDMU1.cpp">
      <Filter>Source Files</Filter>
    </ClCompile>
    <ClCompile Include="Decoder.cpp">
      <Filter>Source Files</Filter>
    </ClCompile>
  </ItemGroup>
  <ItemGroup>
    <ClInclude Include="stdafx.h">
      <Filter>Header Files</Filter>
    </ClInclude>
    <ClInclude Include="targetver.h">
      <Filter>Header Files</Filter>
    </ClInclude>
    <ClInclude Include="Resource.h">
      <Filter>Header Files</Filter>
    </ClInclude>
    <ClInclude Include="dllmain.h">
      <Filter>Header Files</Filter>
    </ClInclude>
    <ClInclude Include="xdlldata.h">
      <Filter>Header Files</Filter>
    </ClInclude>
    <ClInclude Include="Module1_i.h">
      <Filter>Generated Files</Filter>
    </ClInclude>
    <ClInclude Include="TCPCMU1.h">
      <Filter>Header Files</Filter>
    </ClInclude>
    <ClInclude Include="PDCSocket.h">
      <Filter>Header Files</Filter>
    </ClInclude>
    <ClInclude Include="PDCDMU1.h">
      <Filter>Header Files</Filter>
    </ClInclude>
    <ClInclude Include="Decoder.h">
      <Filter>Header Files</Filter>
    </ClInclude>
  </ItemGroup>
  <ItemGroup>
    <ResourceCompile Include="Module1.rc">
      <Filter>Resource Files</Filter>
    </ResourceCompile>
  </ItemGroup>
  <ItemGroup>
    <None Include="ReadMe.txt" />
    <None Include="Module1.rgs">
      <Filter>Resource Files</Filter>
    </None>
    <None Include="Module1.def">
      <Filter>Source Files</Filter>
    </None>
    <None Include="TCPCMU1.rgs">
      <Filter>Resource Files</Filter>
    </None>
    <None Include="PDCDMU1.rgs">
      <Filter>Resource Files</Filter>
    </None>
  </ItemGroup>
  <ItemGroup>
    <Midl Include="Module1.idl">
      <Filter>Source Files</Filter>
    </Midl>
  </ItemGroup>
</Project>