
Microsoft Visual Studio Solution File, Format Version 11.00
# Visual Studio 2010
Project("{8BC9CEB8-8B4A-11D0-8D11-00A0C91BC942}") = "DecodInf", "DecodInf\DecodInf.vcxproj", "{147B407A-15A6-4E00-8947-87651BF65C3A}"
EndProject
Global
	GlobalSection(SolutionConfigurationPlatforms) = preSolution
		Debug|Win32 = Debug|Win32
		Release|Win32 = Release|Win32
	EndGlobalSection
	GlobalSection(ProjectConfigurationPlatforms) = postSolution
		{147B407A-15A6-4E00-8947-87651BF65C3A}.Debug|Win32.ActiveCfg = Debug|Win32
		{147B407A-15A6-4E00-8947-87651BF65C3A}.Debug|Win32.Build.0 = Debug|Win32
		{147B407A-15A6-4E00-8947-87651BF65C3A}.Release|Win32.ActiveCfg = Release|Win32
		{147B407A-15A6-4E00-8947-87651BF65C3A}.Release|Win32.Build.0 = Release|Win32
	EndGlobalSection
	GlobalSection(SolutionProperties) = preSolution
		HideSolutionNode = FALSE
	EndGlobalSection
EndGlobal
